
Microsoft Visual Studio Solution File, Format Version 12.00
# Visual Studio Version 16
VisualStudioVersion = 16.0.29905.134
MinimumVisualStudioVersion = 10.0.40219.1
Project("{FAE04EC0-301F-11D3-BF4B-00C04F79EFBC}") = "Library", "Library\Library.csproj", "{9B65B934-74FF-4506-A8AD-021D630D0BE9}"
EndProject
Global
	GlobalSection(SolutionConfigurationPlatforms) = preSolution
		Debug|Any CPU = Debug|Any CPU
		Release|Any CPU = Release|Any CPU
	EndGlobalSection
	GlobalSection(ProjectConfigurationPlatforms) = postSolution
		{9B65B934-74FF-4506-A8AD-021D630D0BE9}.Debug|Any CPU.ActiveCfg = Debug|Any CPU
		{9B65B934-74FF-4506-A8AD-021D630D0BE9}.Debug|Any CPU.Build.0 = Debug|Any CPU
		{9B65B934-74FF-4506-A8AD-021D630D0BE9}.Release|Any CPU.ActiveCfg = Release|Any CPU
		{9B65B934-74FF-4506-A8AD-021D630D0BE9}.Release|Any CPU.Build.0 = Release|Any CPU
	EndGlobalSection
	GlobalSection(SolutionProperties) = preSolution
		HideSolutionNode = FALSE
	EndGlobalSection
	GlobalSection(ExtensibilityGlobals) = postSolution
		SolutionGuid = {909E7805-6441-4C73-A70D-99FA3CA06831}
	EndGlobalSection
EndGlobal
